# THIS IS AN AUTOGENERATED FILE. DO NOT EDIT THIS FILE DIRECTLY.
# yarn lockfile v1


esbuild@^0.8.21:
  version "0.8.21"
  resolved "https://registry.yarnpkg.com/esbuild/-/esbuild-0.8.21.tgz#c431f8af457795c2fecb1b2873cb8eaef4e5b53c"
  integrity sha512-vRRx5MZmiekw2R7jK5BppvBUFCJA0Zkl0wYxrDmyUvMPBcQC/xJvxJUM4R+Hgjgb3gp5P1W655AsuoqDeQQDVw==
